
Microsoft Visual Studio Solution File, Format Version 12.00
# Visual Studio Version 17
VisualStudioVersion = 17.7.34003.232
MinimumVisualStudioVersion = 10.0.40219.1
Project("{FAE04EC0-301F-11D3-BF4B-00C04F79EFBC}") = "GETREADY", "GETREADY\GETREADY.csproj", "{F95BFEEF-0885-440C-94DA-174798481100}"
EndProject
Global
	GlobalSection(SolutionConfigurationPlatforms) = preSolution
		Debug|Any CPU = Debug|Any CPU
		Release|Any CPU = Release|Any CPU
	EndGlobalSection
	GlobalSection(ProjectConfigurationPlatforms) = postSolution
		{F95BFEEF-0885-440C-94DA-174798481100}.Debug|Any CPU.ActiveCfg = Debug|Any CPU
		{F95BFEEF-0885-440C-94DA-174798481100}.Debug|Any CPU.Build.0 = Debug|Any CPU
		{F95BFEEF-0885-440C-94DA-174798481100}.Release|Any CPU.ActiveCfg = Release|Any CPU
		{F95BFEEF-0885-440C-94DA-174798481100}.Release|Any CPU.Build.0 = Release|Any CPU
	EndGlobalSection
	GlobalSection(SolutionProperties) = preSolution
		HideSolutionNode = FALSE
	EndGlobalSection
	GlobalSection(ExtensibilityGlobals) = postSolution
		SolutionGuid = {F009F3EB-2CE6-4603-AB9B-134D00B02A61}
	EndGlobalSection
EndGlobal
